
Microsoft Visual Studio Solution File, Format Version 12.00
# Visual Studio Version 17
VisualStudioVersion = 17.4.33205.214
MinimumVisualStudioVersion = 10.0.40219.1
Project("{FAE04EC0-301F-11D3-BF4B-00C04F79EFBC}") = "ConsoleApp1", "ConsoleApp1\ConsoleApp1.csproj", "{8C86A07D-C842-4706-BF16-FC7D97064C75}"
EndProject
Global
	GlobalSection(SolutionConfigurationPlatforms) = preSolution
		Debug|Any CPU = Debug|Any CPU
		Release|Any CPU = Release|Any CPU
	EndGlobalSection
	GlobalSection(ProjectConfigurationPlatforms) = postSolution
		{8C86A07D-C842-4706-BF16-FC7D97064C75}.Debug|Any CPU.ActiveCfg = Debug|Any CPU
		{8C86A07D-C842-4706-BF16-FC7D97064C75}.Debug|Any CPU.Build.0 = Debug|Any CPU
		{8C86A07D-C842-4706-BF16-FC7D97064C75}.Release|Any CPU.ActiveCfg = Release|Any CPU
		{8C86A07D-C842-4706-BF16-FC7D97064C75}.Release|Any CPU.Build.0 = Release|Any CPU
	EndGlobalSection
	GlobalSection(SolutionProperties) = preSolution
		HideSolutionNode = FALSE
	EndGlobalSection
	GlobalSection(ExtensibilityGlobals) = postSolution
		SolutionGuid = {9F5B2780-7E5E-4DF1-B7F6-029E5690C3E7}
	EndGlobalSection
EndGlobal
